// !$*UTF8*$!
{
	archiveVersion = 1;
	classes = {
	};
	objectVersion = 50;
	objects = {

/* Begin PBXBuildFile section */
		4F4F30D2220F40E100A4E35A /* AppDelegate.swift in Sources */ = {isa = PBXBuildFile; fileRef = 4F4F30D1220F40E100A4E35A /* AppDelegate.swift */; };
		4F4F30D4220F40E100A4E35A /* ViewController.swift in Sources */ = {isa = PBXBuildFile; fileRef = 4F4F30D3220F40E100A4E35A /* ViewController.swift */; };
		4F4F30D7220F40E100A4E35A /* Main.storyboard in Resources */ = {isa = PBXBuildFile; fileRef = 4F4F30D5220F40E100A4E35A /* Main.storyboard */; };
		4F4F30D9220F40E300A4E35A /* Assets.xcassets in Resources */ = {isa = PBXBuildFile; fileRef = 4F4F30D8220F40E300A4E35A /* Assets.xcassets */; };
		4F4F30DC220F40E300A4E35A /* LaunchScreen.storyboard in Resources */ = {isa = PBXBuildFile; fileRef = 4F4F30DA220F40E300A4E35A /* LaunchScreen.storyboard */; };
		4FF9984B22100DD70027C6F6 /* Shaders.metal in Sources */ = {isa = PBXBuildFile; fileRef = 4FF9984A22100DD70027C6F6 /* Shaders.metal */; };
		4FF9984D22100DFC0027C6F6 /* Model.swift in Sources */ = {isa = PBXBuildFile; fileRef = 4FF9984C22100DFC0027C6F6 /* Model.swift */; };
		4FF9984F22100E0D0027C6F6 /* Renderer.swift in Sources */ = {isa = PBXBuildFile; fileRef = 4FF9984E22100E0D0027C6F6 /* Renderer.swift */; };
		4FF9985522102D210027C6F6 /* monkey.blend in Resources */ = {isa = PBXBuildFile; fileRef = 4FF9985122102D210027C6F6 /* monkey.blend */; };
		4FF9985622102D210027C6F6 /* monkey.mtl in Resources */ = {isa = PBXBuildFile; fileRef = 4FF9985222102D210027C6F6 /* monkey.mtl */; };
		4FF9985722102D210027C6F6 /* monkey.obj in Resources */ = {isa = PBXBuildFile; fileRef = 4FF9985322102D210027C6F6 /* monkey.obj */; };
		4FF9985822102D210027C6F6 /* monkey.png in Resources */ = {isa = PBXBuildFile; fileRef = 4FF9985422102D210027C6F6 /* monkey.png */; };
/* End PBXBuildFile section */

/* Begin PBXFileReference section */
		4F4F30CE220F40E100A4E35A /* PipeLine.app */ = {isa = PBXFileReference; explicitFileType = wrapper.application; includeInIndex = 0; path = PipeLine.app; sourceTree = BUILT_PRODUCTS_DIR; };
		4F4F30D1220F40E100A4E35A /* AppDelegate.swift */ = {isa = PBXFileReference; lastKnownFileType = sourcecode.swift; path = AppDelegate.swift; sourceTree = "<group>"; };
		4F4F30D3220F40E100A4E35A /* ViewController.swift */ = {isa = PBXFileReference; lastKnownFileType = sourcecode.swift; path = ViewController.swift; sourceTree = "<group>"; };
		4F4F30D6220F40E100A4E35A /* Base */ = {isa = PBXFileReference; lastKnownFileType = file.storyboard; name = Base; path = Base.lproj/Main.storyboard; sourceTree = "<group>"; };
		4F4F30D8220F40E300A4E35A /* Assets.xcassets */ = {isa = PBXFileReference; lastKnownFileType = folder.assetcatalog; path = Assets.xcassets; sourceTree = "<group>"; };
		4F4F30DB220F40E300A4E35A /* Base */ = {isa = PBXFileReference; lastKnownFileType = file.storyboard; name = Base; path = Base.lproj/LaunchScreen.storyboard; sourceTree = "<group>"; };
		4F4F30DD220F40E300A4E35A /* Info.plist */ = {isa = PBXFileReference; lastKnownFileType = text.plist.xml; path = Info.plist; sourceTree = "<group>"; };
		4FF9984A22100DD70027C6F6 /* Shaders.metal */ = {isa = PBXFileReference; lastKnownFileType = sourcecode.metal; path = Shaders.metal; sourceTree = "<group>"; };
		4FF9984C22100DFC0027C6F6 /* Model.swift */ = {isa = PBXFileReference; lastKnownFileType = sourcecode.swift; path = Model.swift; sourceTree = "<group>"; };
		4FF9984E22100E0D0027C6F6 /* Renderer.swift */ = {isa = PBXFileReference; lastKnownFileType = sourcecode.swift; path = Renderer.swift; sourceTree = "<group>"; };
		4FF9985122102D210027C6F6 /* monkey.blend */ = {isa = PBXFileReference; lastKnownFileType = file; path = monkey.blend; sourceTree = "<group>"; };
		4FF9985222102D210027C6F6 /* monkey.mtl */ = {isa = PBXFileReference; fileEncoding = 4; lastKnownFileType = text; path = monkey.mtl; sourceTree = "<group>"; };
		4FF9985322102D210027C6F6 /* monkey.obj */ = {isa = PBXFileReference; fileEncoding = 4; lastKnownFileType = text; path = monkey.obj; sourceTree = "<group>"; };
		4FF9985422102D210027C6F6 /* monkey.png */ = {isa = PBXFileReference; lastKnownFileType = image.png; path = monkey.png; sourceTree = "<group>"; };
/* End PBXFileReference section */

/* Begin PBXFrameworksBuildPhase section */
		4F4F30CB220F40E100A4E35A /* Frameworks */ = {
			isa = PBXFrameworksBuildPhase;
			buildActionMask = 2147483647;
			files = (
			);
			runOnlyForDeploymentPostprocessing = 0;
		};
/* End PBXFrameworksBuildPhase section */

/* Begin PBXGroup section */
		4F4F30C5220F40E100A4E35A = {
			isa = PBXGroup;
			children = (
				4F4F30D0220F40E100A4E35A /* PipeLine */,
				4F4F30CF220F40E100A4E35A /* Products */,
			);
			sourceTree = "<group>";
		};
		4F4F30CF220F40E100A4E35A /* Products */ = {
			isa = PBXGroup;
			children = (
				4F4F30CE220F40E100A4E35A /* PipeLine.app */,
			);
			name = Products;
			sourceTree = "<group>";
		};
		4F4F30D0220F40E100A4E35A /* PipeLine */ = {
			isa = PBXGroup;
			children = (
				4FF9985022102D210027C6F6 /* Resource */,
				4F4F30D1220F40E100A4E35A /* AppDelegate.swift */,
				4F4F30D3220F40E100A4E35A /* ViewController.swift */,
				4F4F30D5220F40E100A4E35A /* Main.storyboard */,
				4F4F30D8220F40E300A4E35A /* Assets.xcassets */,
				4F4F30DA220F40E300A4E35A /* LaunchScreen.storyboard */,
				4F4F30DD220F40E300A4E35A /* Info.plist */,
				4FF9984A22100DD70027C6F6 /* Shaders.metal */,
				4FF9984C22100DFC0027C6F6 /* Model.swift */,
				4FF9984E22100E0D0027C6F6 /* Renderer.swift */,
			);
			path = PipeLine;
			sourceTree = "<group>";
		};
		4FF9985022102D210027C6F6 /* Resource */ = {
			isa = PBXGroup;
			children = (
				4FF9985122102D210027C6F6 /* monkey.blend */,
				4FF9985222102D210027C6F6 /* monkey.mtl */,
				4FF9985322102D210027C6F6 /* monkey.obj */,
				4FF9985422102D210027C6F6 /* monkey.png */,
			);
			path = Resource;
			sourceTree = "<group>";
		};
/* End PBXGroup section */

/* Begin PBXNativeTarget section */
		4F4F30CD220F40E100A4E35A /* PipeLine */ = {
			isa = PBXNativeTarget;
			buildConfigurationList = 4F4F30E0220F40E300A4E35A /* Build configuration list for PBXNativeTarget "PipeLine" */;
			buildPhases = (
				4F4F30CA220F40E100A4E35A /* Sources */,
				4F4F30CB220F40E100A4E35A /* Frameworks */,
				4F4F30CC220F40E100A4E35A /* Resources */,
			);
			buildRules = (
			);
			dependencies = (
			);
			name = PipeLine;
			productName = PipeLine;
			productReference = 4F4F30CE220F40E100A4E35A /* PipeLine.app */;
			productType = "com.apple.product-type.application";
		};
/* End PBXNativeTarget section */

/* Begin PBXProject section */
		4F4F30C6220F40E100A4E35A /* Project object */ = {
			isa = PBXProject;
			attributes = {
				LastSwiftUpdateCheck = 1020;
				LastUpgradeCheck = 1020;
				ORGANIZATIONNAME = Kira;
				TargetAttributes = {
					4F4F30CD220F40E100A4E35A = {
						CreatedOnToolsVersion = 10.2;
					};
				};
			};
			buildConfigurationList = 4F4F30C9220F40E100A4E35A /* Build configuration list for PBXProject "PipeLine" */;
			compatibilityVersion = "Xcode 9.3";
			developmentRegion = en;
			hasScannedForEncodings = 0;
			knownRegions = (
				en,
				Base,
			);
			mainGroup = 4F4F30C5220F40E100A4E35A;
			productRefGroup = 4F4F30CF220F40E100A4E35A /* Products */;
			projectDirPath = "";
			projectRoot = "";
			targets = (
				4F4F30CD220F40E100A4E35A /* PipeLine */,
			);
		};
/* End PBXProject section */

/* Begin PBXResourcesBuildPhase section */
		4F4F30CC220F40E100A4E35A /* Resources */ = {
			isa = PBXResourcesBuildPhase;
			buildActionMask = 2147483647;
			files = (
				4FF9985822102D210027C6F6 /* monkey.png in Resources */,
				4F4F30DC220F40E300A4E35A /* LaunchScreen.storyboard in Resources */,
				4F4F30D9220F40E300A4E35A /* Assets.xcassets in Resources */,
				4FF9985622102D210027C6F6 /* monkey.mtl in Resources */,
				4FF9985522102D210027C6F6 /* monkey.blend in Resources */,
				4FF9985722102D210027C6F6 /* monkey.obj in Resources */,
				4F4F30D7220F40E100A4E35A /* Main.storyboard in Resources */,
			);
			runOnlyForDeploymentPostprocessing = 0;
		};
/* End PBXResourcesBuildPhase section */

/* Begin PBXSourcesBuildPhase section */
		4F4F30CA220F40E100A4E35A /* Sources */ = {
			isa = PBXSourcesBuildPhase;
			buildActionMask = 2147483647;
			files = (
				4FF9984B22100DD70027C6F6 /* Shaders.metal in Sources */,
				4F4F30D4220F40E100A4E35A /* ViewController.swift in Sources */,
				4F4F30D2220F40E100A4E35A /* AppDelegate.swift in Sources */,
				4FF9984F22100E0D0027C6F6 /* Renderer.swift in Sources */,
				4FF9984D22100DFC0027C6F6 /* Model.swift in Sources */,
			);
			runOnlyForDeploymentPostprocessing = 0;
		};
/* End PBXSourcesBuildPhase section */

/* Begin PBXVariantGroup section */
		4F4F30D5220F40E100A4E35A /* Main.storyboard */ = {
			isa = PBXVariantGroup;
			children = (
				4F4F30D6220F40E100A4E35A /* Base */,
			);
			name = Main.storyboard;
			sourceTree = "<group>";
		};
		4F4F30DA220F40E300A4E35A /* LaunchScreen.storyboard */ = {
			isa = PBXVariantGroup;
			children = (
				4F4F30DB220F40E300A4E35A /* Base */,
			);
			name = LaunchScreen.storyboard;
			sourceTree = "<group>";
		};
/* End PBXVariantGroup section */

/* Begin XCBuildConfiguration section */
		4F4F30DE220F40E300A4E35A /* Debug */ = {
			isa = XCBuildConfiguration;
			buildSettings = {
				ALWAYS_SEARCH_USER_PATHS = NO;
				CLANG_ANALYZER_NONNULL = YES;
				CLANG_ANALYZER_NUMBER_OBJECT_CONVERSION = YES_AGGRESSIVE;
				CLANG_CXX_LANGUAGE_STANDARD = "gnu++14";
				CLANG_CXX_LIBRARY = "libc++";
				CLANG_ENABLE_MODULES = YES;
				CLANG_ENABLE_OBJC_ARC = YES;
				CLANG_ENABLE_OBJC_WEAK = YES;
				CLANG_WARN_BLOCK_CAPTURE_AUTORELEASING = YES;
				CLANG_WARN_BOOL_CONVERSION = YES;
				CLANG_WARN_COMMA = YES;
				CLANG_WARN_CONSTANT_CONVERSION = YES;
				CLANG_WARN_DEPRECATED_OBJC_IMPLEMENTATIONS = YES;
				CLANG_WARN_DIRECT_OBJC_ISA_USAGE = YES_ERROR;
				CLANG_WARN_DOCUMENTATION_COMMENTS = YES;
				CLANG_WARN_EMPTY_BODY = YES;
				CLANG_WARN_ENUM_CONVERSION = YES;
				CLANG_WARN_INFINITE_RECURSION = YES;
				CLANG_WARN_INT_CONVERSION = YES;
				CLANG_WARN_NON_LITERAL_NULL_CONVERSION = YES;
				CLANG_WARN_OBJC_IMPLICIT_RETAIN_SELF = YES;
				CLANG_WARN_OBJC_LITERAL_CONVERSION = YES;
				CLANG_WARN_OBJC_ROOT_CLASS = YES_ERROR;
				CLANG_WARN_RANGE_LOOP_ANALYSIS = YES;
				CLANG_WARN_STRICT_PROTOTYPES = YES;
				CLANG_WARN_SUSPICIOUS_MOVE = YES;
				CLANG_WARN_UNGUARDED_AVAILABILITY = YES_AGGRESSIVE;
				CLANG_WARN_UNREACHABLE_CODE = YES;
				CLANG_WARN__DUPLICATE_METHOD_MATCH = YES;
				CODE_SIGN_IDENTITY = "iPhone Developer";
				COPY_PHASE_STRIP = NO;
				DEBUG_INFORMATION_FORMAT = dwarf;
				ENABLE_STRICT_OBJC_MSGSEND = YES;
				ENABLE_TESTABILITY = YES;
				GCC_C_LANGUAGE_STANDARD = gnu11;
				GCC_DYNAMIC_NO_PIC = NO;
				GCC_NO_COMMON_BLOCKS = YES;
				GCC_OPTIMIZATION_LEVEL = 0;
				GCC_PREPROCESSOR_DEFINITIONS = (
					"DEBUG=1",
					"$(inherited)",
				);
				GCC_WARN_64_TO_32_BIT_CONVERSION = YES;
				GCC_WARN_ABOUT_RETURN_TYPE = YES_ERROR;
				GCC_WARN_UNDECLARED_SELECTOR = YES;
				GCC_WARN_UNINITIALIZED_AUTOS = YES_AGGRESSIVE;
				GCC_WARN_UNUSED_FUNCTION = YES;
				GCC_WARN_UNUSED_VARIABLE = YES;
				IPHONEOS_DEPLOYMENT_TARGET = 12.2;
				MTL_ENABLE_DEBUG_INFO = INCLUDE_SOURCE;
				MTL_FAST_MATH = YES;
				ONLY_ACTIVE_ARCH = YES;
				SDKROOT = iphoneos;
				SWIFT_ACTIVE_COMPILATION_CONDITIONS = DEBUG;
				SWIFT_OPTIMIZATION_LEVEL = "-Onone";
			};
			name = Debug;
		};
		4F4F30DF220F40E300A4E35A /* Release */ = {
			isa = XCBuildConfiguration;
			buildSettings = {
				ALWAYS_SEARCH_USER_PATHS = NO;
				CLANG_ANALYZER_NONNULL = YES;
				CLANG_ANALYZER_NUMBER_OBJECT_CONVERSION = YES_AGGRESSIVE;
				CLANG_CXX_LANGUAGE_STANDARD = "gnu++14";
				CLANG_CXX_LIBRARY = "libc++";
				CLANG_ENABLE_MODULES = YES;
				CLANG_ENABLE_OBJC_ARC = YES;
				CLANG_ENABLE_OBJC_WEAK = YES;
				CLANG_WARN_BLOCK_CAPTURE_AUTORELEASING = YES;
				CLANG_WARN_BOOL_CONVERSION = YES;
				CLANG_WARN_COMMA = YES;
				CLANG_WARN_CONSTANT_CONVERSION = YES;
				CLANG_WARN_DEPRECATED_OBJC_IMPLEMENTATIONS = YES;
				CLANG_WARN_DIRECT_OBJC_ISA_USAGE = YES_ERROR;
				CLANG_WARN_DOCUMENTATION_COMMENTS = YES;
				CLANG_WARN_EMPTY_BODY = YES;
				CLANG_WARN_ENUM_CONVERSION = YES;
				CLANG_WARN_INFINITE_RECURSION = YES;
				CLANG_WARN_INT_CONVERSION = YES;
				CLANG_WARN_NON_LITERAL_NULL_CONVERSION = YES;
				CLANG_WARN_OBJC_IMPLICIT_RETAIN_SELF = YES;
				CLANG_WARN_OBJC_LITERAL_CONVERSION = YES;
				CLANG_WARN_OBJC_ROOT_CLASS = YES_ERROR;
				CLANG_WARN_RANGE_LOOP_ANALYSIS = YES;
				CLANG_WARN_STRICT_PROTOTYPES = YES;
				CLANG_WARN_SUSPICIOUS_MOVE = YES;
				CLANG_WARN_UNGUARDED_AVAILABILITY = YES_AGGRESSIVE;
				CLANG_WARN_UNREACHABLE_CODE = YES;
				CLANG_WARN__DUPLICATE_METHOD_MATCH = YES;
				CODE_SIGN_IDENTITY = "iPhone Developer";
				COPY_PHASE_STRIP = NO;
				DEBUG_INFORMATION_FORMAT = "dwarf-with-dsym";
				ENABLE_NS_ASSERTIONS = NO;
				ENABLE_STRICT_OBJC_MSGSEND = YES;
				GCC_C_LANGUAGE_STANDARD = gnu11;
				GCC_NO_COMMON_BLOCKS = YES;
				GCC_WARN_64_TO_32_BIT_CONVERSION = YES;
				GCC_WARN_ABOUT_RETURN_TYPE = YES_ERROR;
				GCC_WARN_UNDECLARED_SELECTOR = YES;
				GCC_WARN_UNINITIALIZED_AUTOS = YES_AGGRESSIVE;
				GCC_WARN_UNUSED_FUNCTION = YES;
				GCC_WARN_UNUSED_VARIABLE = YES;
				IPHONEOS_DEPLOYMENT_TARGET = 12.2;
				MTL_ENABLE_DEBUG_INFO = NO;
				MTL_FAST_MATH = YES;
				SDKROOT = iphoneos;
				SWIFT_COMPILATION_MODE = wholemodule;
				SWIFT_OPTIMIZATION_LEVEL = "-O";
				VALIDATE_PRODUCT = YES;
			};
			name = Release;
		};
		4F4F30E1220F40E300A4E35A /* Debug */ = {
			isa = XCBuildConfiguration;
			buildSettings = {
				ASSETCATALOG_COMPILER_APPICON_NAME = AppIcon;
				CODE_SIGN_STYLE = Automatic;
				DEVELOPMENT_TEAM = ZA747HXW4Q;
				INFOPLIST_FILE = PipeLine/Info.plist;
				LD_RUNPATH_SEARCH_PATHS = (
					"$(inherited)",
					"@executable_path/Frameworks",
				);
				PRODUCT_BUNDLE_IDENTIFIER = com.shaqima.PipeLine;
				PRODUCT_NAME = "$(TARGET_NAME)";
				SWIFT_VERSION = 5.0;
				TARGETED_DEVICE_FAMILY = "1,2";
			};
			name = Debug;
		};
		4F4F30E2220F40E300A4E35A /* Release */ = {
			isa = XCBuildConfiguration;
			buildSettings = {
				ASSETCATALOG_COMPILER_APPICON_NAME = AppIcon;
				CODE_SIGN_STYLE = Automatic;
				DEVELOPMENT_TEAM = ZA747HXW4Q;
				INFOPLIST_FILE = PipeLine/Info.plist;
				LD_RUNPATH_SEARCH_PATHS = (
					"$(inherited)",
					"@executable_path/Frameworks",
				);
				PRODUCT_BUNDLE_IDENTIFIER = com.shaqima.PipeLine;
				PRODUCT_NAME = "$(TARGET_NAME)";
				SWIFT_VERSION = 5.0;
				TARGETED_DEVICE_FAMILY = "1,2";
			};
			name = Release;
		};
/* End XCBuildConfiguration section */

/* Begin XCConfigurationList section */
		4F4F30C9220F40E100A4E35A /* Build configuration list for PBXProject "PipeLine" */ = {
			isa = XCConfigurationList;
			buildConfigurations = (
				4F4F30DE220F40E300A4E35A /* Debug */,
				4F4F30DF220F40E300A4E35A /* Release */,
			);
			defaultConfigurationIsVisible = 0;
			defaultConfigurationName = Release;
		};
		4F4F30E0220F40E300A4E35A /* Build configuration list for PBXNativeTarget "PipeLine" */ = {
			isa = XCConfigurationList;
			buildConfigurations = (
				4F4F30E1220F40E300A4E35A /* Debug */,
				4F4F30E2220F40E300A4E35A /* Release */,
			);
			defaultConfigurationIsVisible = 0;
			defaultConfigurationName = Release;
		};
/* End XCConfigurationList section */
	};
	rootObject = 4F4F30C6220F40E100A4E35A /* Project object */;
}
