// !$*UTF8*$!
{
	archiveVersion = 1;
	classes = {
	};
	objectVersion = 50;
	objects = {

/* Begin PBXBuildFile section */
		4F2A95A9221FFA6700E85953 /* Model.swift in Sources */ = {isa = PBXBuildFile; fileRef = 4F2A95A3221FFA6600E85953 /* Model.swift */; };
		4F2A95AA221FFA6700E85953 /* monkey.blend in Resources */ = {isa = PBXBuildFile; fileRef = 4F2A95A5221FFA6600E85953 /* monkey.blend */; };
		4F2A95AB221FFA6700E85953 /* monkey.mtl in Resources */ = {isa = PBXBuildFile; fileRef = 4F2A95A6221FFA6600E85953 /* monkey.mtl */; };
		4F2A95AC221FFA6700E85953 /* monkey.obj in Resources */ = {isa = PBXBuildFile; fileRef = 4F2A95A7221FFA6600E85953 /* monkey.obj */; };
		4F2A95AD221FFA6700E85953 /* monkey.png in Resources */ = {isa = PBXBuildFile; fileRef = 4F2A95A8221FFA6600E85953 /* monkey.png */; };
		4F2A95AF221FFD5F00E85953 /* ViewControllerExtension.swift in Sources */ = {isa = PBXBuildFile; fileRef = 4F2A95AE221FFD5F00E85953 /* ViewControllerExtension.swift */; };
		4F2A95B1221FFE1F00E85953 /* Camera.swift in Sources */ = {isa = PBXBuildFile; fileRef = 4F2A95B0221FFE1F00E85953 /* Camera.swift */; };
		4F2A95B3221FFE5300E85953 /* Node.swift in Sources */ = {isa = PBXBuildFile; fileRef = 4F2A95B2221FFE5300E85953 /* Node.swift */; };
		4F2A95B5221FFEF500E85953 /* Submesh.swift in Sources */ = {isa = PBXBuildFile; fileRef = 4F2A95B4221FFEF500E85953 /* Submesh.swift */; };
		4F2A95B822201C7D00E85953 /* MathLibrary.swift in Sources */ = {isa = PBXBuildFile; fileRef = 4F2A95B722201C7D00E85953 /* MathLibrary.swift */; };
		4F9500C0221FF7D900FF61E8 /* AppDelegate.swift in Sources */ = {isa = PBXBuildFile; fileRef = 4F9500BF221FF7D900FF61E8 /* AppDelegate.swift */; };
		4F9500C2221FF7D900FF61E8 /* ViewController.swift in Sources */ = {isa = PBXBuildFile; fileRef = 4F9500C1221FF7D900FF61E8 /* ViewController.swift */; };
		4F9500C5221FF7D900FF61E8 /* Main.storyboard in Resources */ = {isa = PBXBuildFile; fileRef = 4F9500C3221FF7D900FF61E8 /* Main.storyboard */; };
		4F9500C7221FF7D900FF61E8 /* Assets.xcassets in Resources */ = {isa = PBXBuildFile; fileRef = 4F9500C6221FF7D900FF61E8 /* Assets.xcassets */; };
		4F9500CA221FF7D900FF61E8 /* LaunchScreen.storyboard in Resources */ = {isa = PBXBuildFile; fileRef = 4F9500C8221FF7D900FF61E8 /* LaunchScreen.storyboard */; };
		4F9500D4221FF89300FF61E8 /* Renderer.swift in Sources */ = {isa = PBXBuildFile; fileRef = 4F9500D1221FF89300FF61E8 /* Renderer.swift */; };
		4F9500D5221FF89300FF61E8 /* Primitive.swift in Sources */ = {isa = PBXBuildFile; fileRef = 4F9500D2221FF89300FF61E8 /* Primitive.swift */; };
		4F9500D6221FF89300FF61E8 /* Shaders.metal in Sources */ = {isa = PBXBuildFile; fileRef = 4F9500D3221FF89300FF61E8 /* Shaders.metal */; };
/* End PBXBuildFile section */

/* Begin PBXFileReference section */
		4F2A95A3221FFA6600E85953 /* Model.swift */ = {isa = PBXFileReference; fileEncoding = 4; lastKnownFileType = sourcecode.swift; path = Model.swift; sourceTree = "<group>"; };
		4F2A95A5221FFA6600E85953 /* monkey.blend */ = {isa = PBXFileReference; lastKnownFileType = file; path = monkey.blend; sourceTree = "<group>"; };
		4F2A95A6221FFA6600E85953 /* monkey.mtl */ = {isa = PBXFileReference; fileEncoding = 4; lastKnownFileType = text; path = monkey.mtl; sourceTree = "<group>"; };
		4F2A95A7221FFA6600E85953 /* monkey.obj */ = {isa = PBXFileReference; fileEncoding = 4; lastKnownFileType = text; path = monkey.obj; sourceTree = "<group>"; };
		4F2A95A8221FFA6600E85953 /* monkey.png */ = {isa = PBXFileReference; lastKnownFileType = image.png; path = monkey.png; sourceTree = "<group>"; };
		4F2A95AE221FFD5F00E85953 /* ViewControllerExtension.swift */ = {isa = PBXFileReference; lastKnownFileType = sourcecode.swift; path = ViewControllerExtension.swift; sourceTree = "<group>"; };
		4F2A95B0221FFE1F00E85953 /* Camera.swift */ = {isa = PBXFileReference; lastKnownFileType = sourcecode.swift; path = Camera.swift; sourceTree = "<group>"; };
		4F2A95B2221FFE5300E85953 /* Node.swift */ = {isa = PBXFileReference; lastKnownFileType = sourcecode.swift; path = Node.swift; sourceTree = "<group>"; };
		4F2A95B4221FFEF500E85953 /* Submesh.swift */ = {isa = PBXFileReference; lastKnownFileType = sourcecode.swift; path = Submesh.swift; sourceTree = "<group>"; };
		4F2A95B62220013100E85953 /* Common.h */ = {isa = PBXFileReference; lastKnownFileType = sourcecode.c.h; path = Common.h; sourceTree = "<group>"; };
		4F2A95B722201C7D00E85953 /* MathLibrary.swift */ = {isa = PBXFileReference; fileEncoding = 4; lastKnownFileType = sourcecode.swift; path = MathLibrary.swift; sourceTree = "<group>"; };
		4F9500BC221FF7D900FF61E8 /* Transform.app */ = {isa = PBXFileReference; explicitFileType = wrapper.application; includeInIndex = 0; path = Transform.app; sourceTree = BUILT_PRODUCTS_DIR; };
		4F9500BF221FF7D900FF61E8 /* AppDelegate.swift */ = {isa = PBXFileReference; lastKnownFileType = sourcecode.swift; path = AppDelegate.swift; sourceTree = "<group>"; };
		4F9500C1221FF7D900FF61E8 /* ViewController.swift */ = {isa = PBXFileReference; lastKnownFileType = sourcecode.swift; path = ViewController.swift; sourceTree = "<group>"; };
		4F9500C4221FF7D900FF61E8 /* Base */ = {isa = PBXFileReference; lastKnownFileType = file.storyboard; name = Base; path = Base.lproj/Main.storyboard; sourceTree = "<group>"; };
		4F9500C6221FF7D900FF61E8 /* Assets.xcassets */ = {isa = PBXFileReference; lastKnownFileType = folder.assetcatalog; path = Assets.xcassets; sourceTree = "<group>"; };
		4F9500C9221FF7D900FF61E8 /* Base */ = {isa = PBXFileReference; lastKnownFileType = file.storyboard; name = Base; path = Base.lproj/LaunchScreen.storyboard; sourceTree = "<group>"; };
		4F9500CB221FF7D900FF61E8 /* Info.plist */ = {isa = PBXFileReference; lastKnownFileType = text.plist.xml; path = Info.plist; sourceTree = "<group>"; };
		4F9500D1221FF89300FF61E8 /* Renderer.swift */ = {isa = PBXFileReference; fileEncoding = 4; lastKnownFileType = sourcecode.swift; path = Renderer.swift; sourceTree = "<group>"; };
		4F9500D2221FF89300FF61E8 /* Primitive.swift */ = {isa = PBXFileReference; fileEncoding = 4; lastKnownFileType = sourcecode.swift; path = Primitive.swift; sourceTree = "<group>"; };
		4F9500D3221FF89300FF61E8 /* Shaders.metal */ = {isa = PBXFileReference; fileEncoding = 4; lastKnownFileType = sourcecode.metal; path = Shaders.metal; sourceTree = "<group>"; };
/* End PBXFileReference section */

/* Begin PBXFrameworksBuildPhase section */
		4F9500B9221FF7D900FF61E8 /* Frameworks */ = {
			isa = PBXFrameworksBuildPhase;
			buildActionMask = 2147483647;
			files = (
			);
			runOnlyForDeploymentPostprocessing = 0;
		};
/* End PBXFrameworksBuildPhase section */

/* Begin PBXGroup section */
		4F2A95A4221FFA6600E85953 /* Resource */ = {
			isa = PBXGroup;
			children = (
				4F2A95A5221FFA6600E85953 /* monkey.blend */,
				4F2A95A6221FFA6600E85953 /* monkey.mtl */,
				4F2A95A7221FFA6600E85953 /* monkey.obj */,
				4F2A95A8221FFA6600E85953 /* monkey.png */,
			);
			path = Resource;
			sourceTree = "<group>";
		};
		4F9500B3221FF7D800FF61E8 = {
			isa = PBXGroup;
			children = (
				4F9500BE221FF7D900FF61E8 /* Transform */,
				4F9500BD221FF7D900FF61E8 /* Products */,
			);
			sourceTree = "<group>";
		};
		4F9500BD221FF7D900FF61E8 /* Products */ = {
			isa = PBXGroup;
			children = (
				4F9500BC221FF7D900FF61E8 /* Transform.app */,
			);
			name = Products;
			sourceTree = "<group>";
		};
		4F9500BE221FF7D900FF61E8 /* Transform */ = {
			isa = PBXGroup;
			children = (
				4F2A95B722201C7D00E85953 /* MathLibrary.swift */,
				4F2A95A4221FFA6600E85953 /* Resource */,
				4F2A95A3221FFA6600E85953 /* Model.swift */,
				4F2A95B2221FFE5300E85953 /* Node.swift */,
				4F2A95B0221FFE1F00E85953 /* Camera.swift */,
				4F2A95B4221FFEF500E85953 /* Submesh.swift */,
				4F9500D2221FF89300FF61E8 /* Primitive.swift */,
				4F9500D1221FF89300FF61E8 /* Renderer.swift */,
				4F9500D3221FF89300FF61E8 /* Shaders.metal */,
				4F9500BF221FF7D900FF61E8 /* AppDelegate.swift */,
				4F9500C1221FF7D900FF61E8 /* ViewController.swift */,
				4F9500C3221FF7D900FF61E8 /* Main.storyboard */,
				4F9500C6221FF7D900FF61E8 /* Assets.xcassets */,
				4F9500C8221FF7D900FF61E8 /* LaunchScreen.storyboard */,
				4F9500CB221FF7D900FF61E8 /* Info.plist */,
				4F2A95AE221FFD5F00E85953 /* ViewControllerExtension.swift */,
				4F2A95B62220013100E85953 /* Common.h */,
			);
			path = Transform;
			sourceTree = "<group>";
		};
/* End PBXGroup section */

/* Begin PBXNativeTarget section */
		4F9500BB221FF7D900FF61E8 /* Transform */ = {
			isa = PBXNativeTarget;
			buildConfigurationList = 4F9500CE221FF7D900FF61E8 /* Build configuration list for PBXNativeTarget "Transform" */;
			buildPhases = (
				4F9500B8221FF7D900FF61E8 /* Sources */,
				4F9500B9221FF7D900FF61E8 /* Frameworks */,
				4F9500BA221FF7D900FF61E8 /* Resources */,
			);
			buildRules = (
			);
			dependencies = (
			);
			name = Transform;
			productName = Transform;
			productReference = 4F9500BC221FF7D900FF61E8 /* Transform.app */;
			productType = "com.apple.product-type.application";
		};
/* End PBXNativeTarget section */

/* Begin PBXProject section */
		4F9500B4221FF7D800FF61E8 /* Project object */ = {
			isa = PBXProject;
			attributes = {
				LastSwiftUpdateCheck = 1020;
				LastUpgradeCheck = 1020;
				ORGANIZATIONNAME = Kira;
				TargetAttributes = {
					4F9500BB221FF7D900FF61E8 = {
						CreatedOnToolsVersion = 10.2;
					};
				};
			};
			buildConfigurationList = 4F9500B7221FF7D900FF61E8 /* Build configuration list for PBXProject "Transform" */;
			compatibilityVersion = "Xcode 9.3";
			developmentRegion = en;
			hasScannedForEncodings = 0;
			knownRegions = (
				en,
				Base,
			);
			mainGroup = 4F9500B3221FF7D800FF61E8;
			productRefGroup = 4F9500BD221FF7D900FF61E8 /* Products */;
			projectDirPath = "";
			projectRoot = "";
			targets = (
				4F9500BB221FF7D900FF61E8 /* Transform */,
			);
		};
/* End PBXProject section */

/* Begin PBXResourcesBuildPhase section */
		4F9500BA221FF7D900FF61E8 /* Resources */ = {
			isa = PBXResourcesBuildPhase;
			buildActionMask = 2147483647;
			files = (
				4F2A95AD221FFA6700E85953 /* monkey.png in Resources */,
				4F9500CA221FF7D900FF61E8 /* LaunchScreen.storyboard in Resources */,
				4F9500C7221FF7D900FF61E8 /* Assets.xcassets in Resources */,
				4F2A95AB221FFA6700E85953 /* monkey.mtl in Resources */,
				4F2A95AA221FFA6700E85953 /* monkey.blend in Resources */,
				4F2A95AC221FFA6700E85953 /* monkey.obj in Resources */,
				4F9500C5221FF7D900FF61E8 /* Main.storyboard in Resources */,
			);
			runOnlyForDeploymentPostprocessing = 0;
		};
/* End PBXResourcesBuildPhase section */

/* Begin PBXSourcesBuildPhase section */
		4F9500B8221FF7D900FF61E8 /* Sources */ = {
			isa = PBXSourcesBuildPhase;
			buildActionMask = 2147483647;
			files = (
				4F2A95B1221FFE1F00E85953 /* Camera.swift in Sources */,
				4F9500C2221FF7D900FF61E8 /* ViewController.swift in Sources */,
				4F9500D4221FF89300FF61E8 /* Renderer.swift in Sources */,
				4F2A95B3221FFE5300E85953 /* Node.swift in Sources */,
				4F2A95AF221FFD5F00E85953 /* ViewControllerExtension.swift in Sources */,
				4F9500C0221FF7D900FF61E8 /* AppDelegate.swift in Sources */,
				4F2A95B822201C7D00E85953 /* MathLibrary.swift in Sources */,
				4F2A95A9221FFA6700E85953 /* Model.swift in Sources */,
				4F2A95B5221FFEF500E85953 /* Submesh.swift in Sources */,
				4F9500D5221FF89300FF61E8 /* Primitive.swift in Sources */,
				4F9500D6221FF89300FF61E8 /* Shaders.metal in Sources */,
			);
			runOnlyForDeploymentPostprocessing = 0;
		};
/* End PBXSourcesBuildPhase section */

/* Begin PBXVariantGroup section */
		4F9500C3221FF7D900FF61E8 /* Main.storyboard */ = {
			isa = PBXVariantGroup;
			children = (
				4F9500C4221FF7D900FF61E8 /* Base */,
			);
			name = Main.storyboard;
			sourceTree = "<group>";
		};
		4F9500C8221FF7D900FF61E8 /* LaunchScreen.storyboard */ = {
			isa = PBXVariantGroup;
			children = (
				4F9500C9221FF7D900FF61E8 /* Base */,
			);
			name = LaunchScreen.storyboard;
			sourceTree = "<group>";
		};
/* End PBXVariantGroup section */

/* Begin XCBuildConfiguration section */
		4F9500CC221FF7D900FF61E8 /* Debug */ = {
			isa = XCBuildConfiguration;
			buildSettings = {
				ALWAYS_SEARCH_USER_PATHS = NO;
				CLANG_ANALYZER_NONNULL = YES;
				CLANG_ANALYZER_NUMBER_OBJECT_CONVERSION = YES_AGGRESSIVE;
				CLANG_CXX_LANGUAGE_STANDARD = "gnu++14";
				CLANG_CXX_LIBRARY = "libc++";
				CLANG_ENABLE_MODULES = YES;
				CLANG_ENABLE_OBJC_ARC = YES;
				CLANG_ENABLE_OBJC_WEAK = YES;
				CLANG_WARN_BLOCK_CAPTURE_AUTORELEASING = YES;
				CLANG_WARN_BOOL_CONVERSION = YES;
				CLANG_WARN_COMMA = YES;
				CLANG_WARN_CONSTANT_CONVERSION = YES;
				CLANG_WARN_DEPRECATED_OBJC_IMPLEMENTATIONS = YES;
				CLANG_WARN_DIRECT_OBJC_ISA_USAGE = YES_ERROR;
				CLANG_WARN_DOCUMENTATION_COMMENTS = YES;
				CLANG_WARN_EMPTY_BODY = YES;
				CLANG_WARN_ENUM_CONVERSION = YES;
				CLANG_WARN_INFINITE_RECURSION = YES;
				CLANG_WARN_INT_CONVERSION = YES;
				CLANG_WARN_NON_LITERAL_NULL_CONVERSION = YES;
				CLANG_WARN_OBJC_IMPLICIT_RETAIN_SELF = YES;
				CLANG_WARN_OBJC_LITERAL_CONVERSION = YES;
				CLANG_WARN_OBJC_ROOT_CLASS = YES_ERROR;
				CLANG_WARN_RANGE_LOOP_ANALYSIS = YES;
				CLANG_WARN_STRICT_PROTOTYPES = YES;
				CLANG_WARN_SUSPICIOUS_MOVE = YES;
				CLANG_WARN_UNGUARDED_AVAILABILITY = YES_AGGRESSIVE;
				CLANG_WARN_UNREACHABLE_CODE = YES;
				CLANG_WARN__DUPLICATE_METHOD_MATCH = YES;
				CODE_SIGN_IDENTITY = "iPhone Developer";
				COPY_PHASE_STRIP = NO;
				DEBUG_INFORMATION_FORMAT = dwarf;
				ENABLE_STRICT_OBJC_MSGSEND = YES;
				ENABLE_TESTABILITY = YES;
				GCC_C_LANGUAGE_STANDARD = gnu11;
				GCC_DYNAMIC_NO_PIC = NO;
				GCC_NO_COMMON_BLOCKS = YES;
				GCC_OPTIMIZATION_LEVEL = 0;
				GCC_PREPROCESSOR_DEFINITIONS = (
					"DEBUG=1",
					"$(inherited)",
				);
				GCC_WARN_64_TO_32_BIT_CONVERSION = YES;
				GCC_WARN_ABOUT_RETURN_TYPE = YES_ERROR;
				GCC_WARN_UNDECLARED_SELECTOR = YES;
				GCC_WARN_UNINITIALIZED_AUTOS = YES_AGGRESSIVE;
				GCC_WARN_UNUSED_FUNCTION = YES;
				GCC_WARN_UNUSED_VARIABLE = YES;
				IPHONEOS_DEPLOYMENT_TARGET = 12.2;
				MTL_ENABLE_DEBUG_INFO = INCLUDE_SOURCE;
				MTL_FAST_MATH = YES;
				ONLY_ACTIVE_ARCH = YES;
				SDKROOT = iphoneos;
				SWIFT_ACTIVE_COMPILATION_CONDITIONS = DEBUG;
				SWIFT_OPTIMIZATION_LEVEL = "-Onone";
			};
			name = Debug;
		};
		4F9500CD221FF7D900FF61E8 /* Release */ = {
			isa = XCBuildConfiguration;
			buildSettings = {
				ALWAYS_SEARCH_USER_PATHS = NO;
				CLANG_ANALYZER_NONNULL = YES;
				CLANG_ANALYZER_NUMBER_OBJECT_CONVERSION = YES_AGGRESSIVE;
				CLANG_CXX_LANGUAGE_STANDARD = "gnu++14";
				CLANG_CXX_LIBRARY = "libc++";
				CLANG_ENABLE_MODULES = YES;
				CLANG_ENABLE_OBJC_ARC = YES;
				CLANG_ENABLE_OBJC_WEAK = YES;
				CLANG_WARN_BLOCK_CAPTURE_AUTORELEASING = YES;
				CLANG_WARN_BOOL_CONVERSION = YES;
				CLANG_WARN_COMMA = YES;
				CLANG_WARN_CONSTANT_CONVERSION = YES;
				CLANG_WARN_DEPRECATED_OBJC_IMPLEMENTATIONS = YES;
				CLANG_WARN_DIRECT_OBJC_ISA_USAGE = YES_ERROR;
				CLANG_WARN_DOCUMENTATION_COMMENTS = YES;
				CLANG_WARN_EMPTY_BODY = YES;
				CLANG_WARN_ENUM_CONVERSION = YES;
				CLANG_WARN_INFINITE_RECURSION = YES;
				CLANG_WARN_INT_CONVERSION = YES;
				CLANG_WARN_NON_LITERAL_NULL_CONVERSION = YES;
				CLANG_WARN_OBJC_IMPLICIT_RETAIN_SELF = YES;
				CLANG_WARN_OBJC_LITERAL_CONVERSION = YES;
				CLANG_WARN_OBJC_ROOT_CLASS = YES_ERROR;
				CLANG_WARN_RANGE_LOOP_ANALYSIS = YES;
				CLANG_WARN_STRICT_PROTOTYPES = YES;
				CLANG_WARN_SUSPICIOUS_MOVE = YES;
				CLANG_WARN_UNGUARDED_AVAILABILITY = YES_AGGRESSIVE;
				CLANG_WARN_UNREACHABLE_CODE = YES;
				CLANG_WARN__DUPLICATE_METHOD_MATCH = YES;
				CODE_SIGN_IDENTITY = "iPhone Developer";
				COPY_PHASE_STRIP = NO;
				DEBUG_INFORMATION_FORMAT = "dwarf-with-dsym";
				ENABLE_NS_ASSERTIONS = NO;
				ENABLE_STRICT_OBJC_MSGSEND = YES;
				GCC_C_LANGUAGE_STANDARD = gnu11;
				GCC_NO_COMMON_BLOCKS = YES;
				GCC_WARN_64_TO_32_BIT_CONVERSION = YES;
				GCC_WARN_ABOUT_RETURN_TYPE = YES_ERROR;
				GCC_WARN_UNDECLARED_SELECTOR = YES;
				GCC_WARN_UNINITIALIZED_AUTOS = YES_AGGRESSIVE;
				GCC_WARN_UNUSED_FUNCTION = YES;
				GCC_WARN_UNUSED_VARIABLE = YES;
				IPHONEOS_DEPLOYMENT_TARGET = 12.2;
				MTL_ENABLE_DEBUG_INFO = NO;
				MTL_FAST_MATH = YES;
				SDKROOT = iphoneos;
				SWIFT_COMPILATION_MODE = wholemodule;
				SWIFT_OPTIMIZATION_LEVEL = "-O";
				VALIDATE_PRODUCT = YES;
			};
			name = Release;
		};
		4F9500CF221FF7D900FF61E8 /* Debug */ = {
			isa = XCBuildConfiguration;
			buildSettings = {
				ASSETCATALOG_COMPILER_APPICON_NAME = AppIcon;
				CODE_SIGN_STYLE = Automatic;
				DEVELOPMENT_TEAM = ZA747HXW4Q;
				INFOPLIST_FILE = Transform/Info.plist;
				LD_RUNPATH_SEARCH_PATHS = (
					"$(inherited)",
					"@executable_path/Frameworks",
				);
				PRODUCT_BUNDLE_IDENTIFIER = com.shaqima.Transform;
				PRODUCT_NAME = "$(TARGET_NAME)";
				SWIFT_OBJC_BRIDGING_HEADER = Transform/Common.h;
				SWIFT_VERSION = 5.0;
				TARGETED_DEVICE_FAMILY = "1,2";
			};
			name = Debug;
		};
		4F9500D0221FF7D900FF61E8 /* Release */ = {
			isa = XCBuildConfiguration;
			buildSettings = {
				ASSETCATALOG_COMPILER_APPICON_NAME = AppIcon;
				CODE_SIGN_STYLE = Automatic;
				DEVELOPMENT_TEAM = ZA747HXW4Q;
				INFOPLIST_FILE = Transform/Info.plist;
				LD_RUNPATH_SEARCH_PATHS = (
					"$(inherited)",
					"@executable_path/Frameworks",
				);
				PRODUCT_BUNDLE_IDENTIFIER = com.shaqima.Transform;
				PRODUCT_NAME = "$(TARGET_NAME)";
				SWIFT_OBJC_BRIDGING_HEADER = Transform/Common.h;
				SWIFT_VERSION = 5.0;
				TARGETED_DEVICE_FAMILY = "1,2";
			};
			name = Release;
		};
/* End XCBuildConfiguration section */

/* Begin XCConfigurationList section */
		4F9500B7221FF7D900FF61E8 /* Build configuration list for PBXProject "Transform" */ = {
			isa = XCConfigurationList;
			buildConfigurations = (
				4F9500CC221FF7D900FF61E8 /* Debug */,
				4F9500CD221FF7D900FF61E8 /* Release */,
			);
			defaultConfigurationIsVisible = 0;
			defaultConfigurationName = Release;
		};
		4F9500CE221FF7D900FF61E8 /* Build configuration list for PBXNativeTarget "Transform" */ = {
			isa = XCConfigurationList;
			buildConfigurations = (
				4F9500CF221FF7D900FF61E8 /* Debug */,
				4F9500D0221FF7D900FF61E8 /* Release */,
			);
			defaultConfigurationIsVisible = 0;
			defaultConfigurationName = Release;
		};
/* End XCConfigurationList section */
	};
	rootObject = 4F9500B4221FF7D800FF61E8 /* Project object */;
}
